
Microsoft Visual Studio Solution File, Format Version 12.00
# Visual Studio Version 16
VisualStudioVersion = 16.0.29102.190
MinimumVisualStudioVersion = 10.0.40219.1
Project("{FAE04EC0-301F-11D3-BF4B-00C04F79EFBC}") = "Kalkulator", "Kalkulator.csproj", "{0FC99183-9C10-4965-8339-34770CADFA26}"
EndProject
Global
	GlobalSection(SolutionConfigurationPlatforms) = preSolution
		Debug|Any CPU = Debug|Any CPU
		Release|Any CPU = Release|Any CPU
	EndGlobalSection
	GlobalSection(ProjectConfigurationPlatforms) = postSolution
		{0FC99183-9C10-4965-8339-34770CADFA26}.Debug|Any CPU.ActiveCfg = Debug|Any CPU
		{0FC99183-9C10-4965-8339-34770CADFA26}.Debug|Any CPU.Build.0 = Debug|Any CPU
		{0FC99183-9C10-4965-8339-34770CADFA26}.Release|Any CPU.ActiveCfg = Release|Any CPU
		{0FC99183-9C10-4965-8339-34770CADFA26}.Release|Any CPU.Build.0 = Release|Any CPU
	EndGlobalSection
	GlobalSection(SolutionProperties) = preSolution
		HideSolutionNode = FALSE
	EndGlobalSection
	GlobalSection(ExtensibilityGlobals) = postSolution
		SolutionGuid = {32D90177-4F84-4BAC-9929-ABCE2B04CABE}
	EndGlobalSection
EndGlobal
